{
  "name": "aws-cost-calculator",
  "version": "1.1.8",
  "lockfileVersion": 1,
  "requires": true,
  "dependencies": {
    "color-print": {
      "version": "1.0.2",
      "resolved": "https://registry.npmjs.org/color-print/-/color-print-1.0.2.tgz",
      "integrity": "sha1-TuZ3L/VUp1KSSBvJdYBK5u1j+Qg="
    },
    "minimist": {
      "version": "1.2.2",
      "resolved": "https://registry.npmjs.org/minimist/-/minimist-1.2.2.tgz",
      "integrity": "sha512-rIqbOrKb8GJmx/5bc2M0QchhUouMXSpd1RTclXsB41JdL+VtnojfaJR+h7F9k18/4kHUsBFgk80Uk+q569vjPA==",
      "dev": true
    }
  }
}
