{
  "name": "aws-cost-calculator",
  "version": "1.1.8",
  "lockfileVersion": 1,
  "requires": true,
  "dependencies": {
    "color-print": {
      "version": "1.0.2",
      "resolved": "https://registry.npmjs.org/color-print/-/color-print-1.0.2.tgz",
      "integrity": "sha1-TuZ3L/VUp1KSSBvJdYBK5u1j+Qg=",
      "dev": true
    },
    "minimist": {
      "version": "1.2.0",
      "resolved": "https://registry.npmjs.org/minimist/-/minimist-1.2.0.tgz",
      "integrity": "sha1-o1AIsg9BOD7sH7kU9M1d95omQoQ="
    }
  }
}
